
Microsoft Visual Studio Solution File, Format Version 12.00
# Visual Studio 15
VisualStudioVersion = 15.0.28307.1622
MinimumVisualStudioVersion = 10.0.40219.1
Project("{8BC9CEB8-8B4A-11D0-8D11-00A0C91BC942}") = "GLtest", "GLtest\GLtest.vcxproj", "{27374E82-3905-4151-94A7-D687EEC94233}"
EndProject
Global
	GlobalSection(SolutionConfigurationPlatforms) = preSolution
		Debug|x64 = Debug|x64
		Debug|x86 = Debug|x86
		Release|x64 = Release|x64
		Release|x86 = Release|x86
	EndGlobalSection
	GlobalSection(ProjectConfigurationPlatforms) = postSolution
		{27374E82-3905-4151-94A7-D687EEC94233}.Debug|x64.ActiveCfg = Debug|x64
		{27374E82-3905-4151-94A7-D687EEC94233}.Debug|x64.Build.0 = Debug|x64
		{27374E82-3905-4151-94A7-D687EEC94233}.Debug|x86.ActiveCfg = Debug|Win32
		{27374E82-3905-4151-94A7-D687EEC94233}.Debug|x86.Build.0 = Debug|Win32
		{27374E82-3905-4151-94A7-D687EEC94233}.Release|x64.ActiveCfg = Release|x64
		{27374E82-3905-4151-94A7-D687EEC94233}.Release|x64.Build.0 = Release|x64
		{27374E82-3905-4151-94A7-D687EEC94233}.Release|x86.ActiveCfg = Release|Win32
		{27374E82-3905-4151-94A7-D687EEC94233}.Release|x86.Build.0 = Release|Win32
	EndGlobalSection
	GlobalSection(SolutionProperties) = preSolution
		HideSolutionNode = FALSE
	EndGlobalSection
	GlobalSection(ExtensibilityGlobals) = postSolution
		SolutionGuid = {573A13D3-678B-49BC-B06B-D6DF00BAB0B7}
	EndGlobalSection
EndGlobal
